
Microsoft Visual Studio Solution File, Format Version 12.00
# Visual Studio Version 17
VisualStudioVersion = 17.0.31717.71
MinimumVisualStudioVersion = 10.0.40219.1
Project("{9A19103F-16F7-4668-BE54-9A1E7A4F7556}") = "FilesSendToAzureBus", "AzureFunctionDurablePublisher\FilesSendToAzureBus.csproj", "{A0F10B85-6940-498D-B5E3-BAE5FA20BD72}"
EndProject
Project("{FAE04EC0-301F-11D3-BF4B-00C04F79EFBC}") = "AzureFunctionDurableSubscriber", "AzureFunctionDurableSubscriber\AzureFunctionDurableSubscriber.csproj", "{0C378071-F521-48E0-A767-07319B15C05C}"
EndProject
Project("{FAE04EC0-301F-11D3-BF4B-00C04F79EFBC}") = "SharedModel", "SharedModel\SharedModel.csproj", "{C4A4E3A0-6C95-49F2-B1BF-99D3C797209B}"
EndProject
Global
	GlobalSection(SolutionConfigurationPlatforms) = preSolution
		Debug|Any CPU = Debug|Any CPU
		Release|Any CPU = Release|Any CPU
	EndGlobalSection
	GlobalSection(ProjectConfigurationPlatforms) = postSolution
		{A0F10B85-6940-498D-B5E3-BAE5FA20BD72}.Debug|Any CPU.ActiveCfg = Debug|Any CPU
		{A0F10B85-6940-498D-B5E3-BAE5FA20BD72}.Debug|Any CPU.Build.0 = Debug|Any CPU
		{A0F10B85-6940-498D-B5E3-BAE5FA20BD72}.Release|Any CPU.ActiveCfg = Release|Any CPU
		{A0F10B85-6940-498D-B5E3-BAE5FA20BD72}.Release|Any CPU.Build.0 = Release|Any CPU
		{0C378071-F521-48E0-A767-07319B15C05C}.Debug|Any CPU.ActiveCfg = Debug|Any CPU
		{0C378071-F521-48E0-A767-07319B15C05C}.Debug|Any CPU.Build.0 = Debug|Any CPU
		{0C378071-F521-48E0-A767-07319B15C05C}.Release|Any CPU.ActiveCfg = Release|Any CPU
		{0C378071-F521-48E0-A767-07319B15C05C}.Release|Any CPU.Build.0 = Release|Any CPU
		{C4A4E3A0-6C95-49F2-B1BF-99D3C797209B}.Debug|Any CPU.ActiveCfg = Debug|Any CPU
		{C4A4E3A0-6C95-49F2-B1BF-99D3C797209B}.Debug|Any CPU.Build.0 = Debug|Any CPU
		{C4A4E3A0-6C95-49F2-B1BF-99D3C797209B}.Release|Any CPU.ActiveCfg = Release|Any CPU
		{C4A4E3A0-6C95-49F2-B1BF-99D3C797209B}.Release|Any CPU.Build.0 = Release|Any CPU
	EndGlobalSection
	GlobalSection(SolutionProperties) = preSolution
		HideSolutionNode = FALSE
	EndGlobalSection
	GlobalSection(ExtensibilityGlobals) = postSolution
		SolutionGuid = {82E2A043-06C4-4C25-952D-D724FDFD5811}
	EndGlobalSection
EndGlobal
